
Microsoft Visual Studio Solution File, Format Version 12.00
# Visual Studio Version 17
VisualStudioVersion = 17.9.34701.34
MinimumVisualStudioVersion = 10.0.40219.1
Project("{FAE04EC0-301F-11D3-BF4B-00C04F79EFBC}") = "ReservationBlogWeb", "ReservationBlogWeb\ReservationBlogWeb.csproj", "{396B7662-5F24-4356-8187-286A2265AD6F}"
EndProject
Project("{FAE04EC0-301F-11D3-BF4B-00C04F79EFBC}") = "Blog.Core", "Blog.Core\Blog.Core.csproj", "{A6737121-8886-4CA9-8B7B-71B0C4F6BE71}"
EndProject
Project("{FAE04EC0-301F-11D3-BF4B-00C04F79EFBC}") = "Blog.Dal", "Blog.Dal\Blog.Dal.csproj", "{D139330D-310D-4353-97B6-507F1EC82974}"
EndProject
Project("{FAE04EC0-301F-11D3-BF4B-00C04F79EFBC}") = "Blog.Entity", "Blog.Entity\Blog.Entity.csproj", "{1E28AC07-FFF4-4981-B77F-CE65E11479A5}"
EndProject
Project("{FAE04EC0-301F-11D3-BF4B-00C04F79EFBC}") = "Blog.Service", "Blog.Service\Blog.Service.csproj", "{C483A5F1-ACAA-4FCE-9D0A-6ECB679EF335}"
EndProject
Global
	GlobalSection(SolutionConfigurationPlatforms) = preSolution
		Debug|Any CPU = Debug|Any CPU
		Release|Any CPU = Release|Any CPU
	EndGlobalSection
	GlobalSection(ProjectConfigurationPlatforms) = postSolution
		{396B7662-5F24-4356-8187-286A2265AD6F}.Debug|Any CPU.ActiveCfg = Debug|Any CPU
		{396B7662-5F24-4356-8187-286A2265AD6F}.Debug|Any CPU.Build.0 = Debug|Any CPU
		{396B7662-5F24-4356-8187-286A2265AD6F}.Release|Any CPU.ActiveCfg = Release|Any CPU
		{396B7662-5F24-4356-8187-286A2265AD6F}.Release|Any CPU.Build.0 = Release|Any CPU
		{A6737121-8886-4CA9-8B7B-71B0C4F6BE71}.Debug|Any CPU.ActiveCfg = Debug|Any CPU
		{A6737121-8886-4CA9-8B7B-71B0C4F6BE71}.Debug|Any CPU.Build.0 = Debug|Any CPU
		{A6737121-8886-4CA9-8B7B-71B0C4F6BE71}.Release|Any CPU.ActiveCfg = Release|Any CPU
		{A6737121-8886-4CA9-8B7B-71B0C4F6BE71}.Release|Any CPU.Build.0 = Release|Any CPU
		{D139330D-310D-4353-97B6-507F1EC82974}.Debug|Any CPU.ActiveCfg = Debug|Any CPU
		{D139330D-310D-4353-97B6-507F1EC82974}.Debug|Any CPU.Build.0 = Debug|Any CPU
		{D139330D-310D-4353-97B6-507F1EC82974}.Release|Any CPU.ActiveCfg = Release|Any CPU
		{D139330D-310D-4353-97B6-507F1EC82974}.Release|Any CPU.Build.0 = Release|Any CPU
		{1E28AC07-FFF4-4981-B77F-CE65E11479A5}.Debug|Any CPU.ActiveCfg = Debug|Any CPU
		{1E28AC07-FFF4-4981-B77F-CE65E11479A5}.Debug|Any CPU.Build.0 = Debug|Any CPU
		{1E28AC07-FFF4-4981-B77F-CE65E11479A5}.Release|Any CPU.ActiveCfg = Release|Any CPU
		{1E28AC07-FFF4-4981-B77F-CE65E11479A5}.Release|Any CPU.Build.0 = Release|Any CPU
		{C483A5F1-ACAA-4FCE-9D0A-6ECB679EF335}.Debug|Any CPU.ActiveCfg = Debug|Any CPU
		{C483A5F1-ACAA-4FCE-9D0A-6ECB679EF335}.Debug|Any CPU.Build.0 = Debug|Any CPU
		{C483A5F1-ACAA-4FCE-9D0A-6ECB679EF335}.Release|Any CPU.ActiveCfg = Release|Any CPU
		{C483A5F1-ACAA-4FCE-9D0A-6ECB679EF335}.Release|Any CPU.Build.0 = Release|Any CPU
	EndGlobalSection
	GlobalSection(SolutionProperties) = preSolution
		HideSolutionNode = FALSE
	EndGlobalSection
	GlobalSection(ExtensibilityGlobals) = postSolution
		SolutionGuid = {27C40A3E-31C3-4F7B-A6DE-6FE0012D8135}
	EndGlobalSection
EndGlobal
